
Microsoft Visual Studio Solution File, Format Version 12.00
# Visual Studio Version 16
VisualStudioVersion = 16.0.31702.278
MinimumVisualStudioVersion = 10.0.40219.1
Project("{FAE04EC0-301F-11D3-BF4B-00C04F79EFBC}") = "lab4_IM", "lab4_IM\lab4_IM.csproj", "{071D8A70-0FC2-4579-B4D3-E409575E04C4}"
EndProject
Global
	GlobalSection(SolutionConfigurationPlatforms) = preSolution
		Debug|Any CPU = Debug|Any CPU
		Release|Any CPU = Release|Any CPU
	EndGlobalSection
	GlobalSection(ProjectConfigurationPlatforms) = postSolution
		{071D8A70-0FC2-4579-B4D3-E409575E04C4}.Debug|Any CPU.ActiveCfg = Debug|Any CPU
		{071D8A70-0FC2-4579-B4D3-E409575E04C4}.Debug|Any CPU.Build.0 = Debug|Any CPU
		{071D8A70-0FC2-4579-B4D3-E409575E04C4}.Release|Any CPU.ActiveCfg = Release|Any CPU
		{071D8A70-0FC2-4579-B4D3-E409575E04C4}.Release|Any CPU.Build.0 = Release|Any CPU
	EndGlobalSection
	GlobalSection(SolutionProperties) = preSolution
		HideSolutionNode = FALSE
	EndGlobalSection
	GlobalSection(ExtensibilityGlobals) = postSolution
		SolutionGuid = {402B79C4-9FA3-46F8-A773-4F099BFAFAA0}
	EndGlobalSection
EndGlobal
